PODS:
  - PolarBleSdk (6.7.0):
    - RxSwift (~> 6.8.0)
    - SwiftProtobuf (~> 1.0)
    - Zip (~> 2.1.2)
  - RxSwift (6.8.0)
  - SwiftProtobuf (1.31.1)
  - Zip (2.1.2)

DEPENDENCIES:
  - PolarBleSdk (from `../../../`)
  - RxSwift (~> 6.8.0)
  - Zip (~> 2.1.2)

SPEC REPOS:
  https://github.com/CocoaPods/Specs.git:
    - RxSwift
    - SwiftProtobuf
    - Zip

EXTERNAL SOURCES:
  PolarBleSdk:
    :path: "../../../"

SPEC CHECKSUMS:
  PolarBleSdk: 0469c83d163b8f4cd1b239047584d20effd9e714
  RxSwift: 4e28be97cbcfeee614af26d83415febbf2bf6f45
  SwiftProtobuf: e02f51c8c2df5845657aee2d4de9d61bf50ef788
  Zip: b3fef584b147b6e582b2256a9815c897d60ddc67

PODFILE CHECKSUM: 50ce847df09bd9f5e01a75ee07625253dd9e1e22

COCOAPODS: 1.16.2
